
Microsoft Visual Studio Solution File, Format Version 12.00
# Visual Studio Version 16
VisualStudioVersion = 16.0.31729.503
MinimumVisualStudioVersion = 10.0.40219.1
Project("{FAE04EC0-301F-11D3-BF4B-00C04F79EFBC}") = "MongoDBPractica", "MongoDBPractica\MongoDBPractica.csproj", "{CF8567F3-8AC8-4F4A-9724-76D763939E47}"
EndProject
Project("{9A19103F-16F7-4668-BE54-9A1E7A4F7556}") = "Domain", "Domain\Domain.csproj", "{BDA7C76D-CDCD-43F6-BADD-C131D23A8B0B}"
EndProject
Project("{9A19103F-16F7-4668-BE54-9A1E7A4F7556}") = "Infraestructure", "Infraestructure\Infraestructure.csproj", "{EC327C19-7103-4A8A-A0DF-5CDDF0E9A998}"
EndProject
Project("{FAE04EC0-301F-11D3-BF4B-00C04F79EFBC}") = "AppCore", "AppCore\AppCore.csproj", "{312C0CAF-504C-48EE-8CAE-932E7DE9C21E}"
EndProject
Global
	GlobalSection(SolutionConfigurationPlatforms) = preSolution
		Debug|Any CPU = Debug|Any CPU
		Release|Any CPU = Release|Any CPU
	EndGlobalSection
	GlobalSection(ProjectConfigurationPlatforms) = postSolution
		{CF8567F3-8AC8-4F4A-9724-76D763939E47}.Debug|Any CPU.ActiveCfg = Debug|Any CPU
		{CF8567F3-8AC8-4F4A-9724-76D763939E47}.Debug|Any CPU.Build.0 = Debug|Any CPU
		{CF8567F3-8AC8-4F4A-9724-76D763939E47}.Release|Any CPU.ActiveCfg = Release|Any CPU
		{CF8567F3-8AC8-4F4A-9724-76D763939E47}.Release|Any CPU.Build.0 = Release|Any CPU
		{BDA7C76D-CDCD-43F6-BADD-C131D23A8B0B}.Debug|Any CPU.ActiveCfg = Debug|Any CPU
		{BDA7C76D-CDCD-43F6-BADD-C131D23A8B0B}.Debug|Any CPU.Build.0 = Debug|Any CPU
		{BDA7C76D-CDCD-43F6-BADD-C131D23A8B0B}.Release|Any CPU.ActiveCfg = Release|Any CPU
		{BDA7C76D-CDCD-43F6-BADD-C131D23A8B0B}.Release|Any CPU.Build.0 = Release|Any CPU
		{EC327C19-7103-4A8A-A0DF-5CDDF0E9A998}.Debug|Any CPU.ActiveCfg = Debug|Any CPU
		{EC327C19-7103-4A8A-A0DF-5CDDF0E9A998}.Debug|Any CPU.Build.0 = Debug|Any CPU
		{EC327C19-7103-4A8A-A0DF-5CDDF0E9A998}.Release|Any CPU.ActiveCfg = Release|Any CPU
		{EC327C19-7103-4A8A-A0DF-5CDDF0E9A998}.Release|Any CPU.Build.0 = Release|Any CPU
		{312C0CAF-504C-48EE-8CAE-932E7DE9C21E}.Debug|Any CPU.ActiveCfg = Debug|Any CPU
		{312C0CAF-504C-48EE-8CAE-932E7DE9C21E}.Debug|Any CPU.Build.0 = Debug|Any CPU
		{312C0CAF-504C-48EE-8CAE-932E7DE9C21E}.Release|Any CPU.ActiveCfg = Release|Any CPU
		{312C0CAF-504C-48EE-8CAE-932E7DE9C21E}.Release|Any CPU.Build.0 = Release|Any CPU
	EndGlobalSection
	GlobalSection(SolutionProperties) = preSolution
		HideSolutionNode = FALSE
	EndGlobalSection
	GlobalSection(ExtensibilityGlobals) = postSolution
		SolutionGuid = {BED7B8ED-3F16-4597-974A-8ABBF3707C71}
	EndGlobalSection
EndGlobal
